<?xml version="1.0" encoding="utf-8"?>
<Project ToolsVersion="4.0" xmlns="http://schemas.microsoft.com/developer/msbuild/2003">
  <ItemGroup>
    <Filter Include="Файлы исходного кода">
      <UniqueIdentifier>{4FC737F1-C7A5-4376-A066-2A32D752A2FF}</UniqueIdentifier>
      <Extensions>cpp;c;cc;cxx;def;odl;idl;hpj;bat;asm;asmx</Extensions>
    </Filter>
    <Filter Include="Заголовочные файлы">
      <UniqueIdentifier>{93995380-89BD-4b04-88EB-625FBE52EBFB}</UniqueIdentifier>
      <Extensions>h;hh;hpp;hxx;hm;inl;inc;xsd</Extensions>
    </Filter>
    <Filter Include="Файлы ресурсов">
      <UniqueIdentifier>{67DA6AB6-F800-4c08-8B7A-83BB121AAD01}</UniqueIdentifier>
      <Extensions>rc;ico;cur;bmp;dlg;rc2;rct;bin;rgs;gif;jpg;jpeg;jpe;resx;tiff;tif;png;wav;mfcribbon-ms</Extensions>
    </Filter>
    <Filter Include="Заголовочные файлы\Tools">
      <UniqueIdentifier>{c6b9b7c9-8cc0-42ae-bc01-64d6daeec6fb}</UniqueIdentifier>
    </Filter>
    <Filter Include="Файлы исходного кода\Tools">
      <UniqueIdentifier>{cc1a00e1-cd9c-447d-8be0-c0dfd91e2767}</UniqueIdentifier>
    </Filter>
  </ItemGroup>
  <ItemGroup>
    <Text Include="ReadMe.txt" />
  </ItemGroup>
  <ItemGroup>
    <ClInclude Include="stdafx.h">
      <Filter>Заголовочные файлы</Filter>
    </ClInclude>
    <ClInclude Include="targetver.h">
      <Filter>Заголовочные файлы</Filter>
    </ClInclude>
    <ClInclude Include="Resource.h">
      <Filter>Заголовочные файлы</Filter>
    </ClInclude>
    <ClInclude Include="CustomPaint.h">
      <Filter>Заголовочные файлы</Filter>
    </ClInclude>
    <ClInclude Include="ITool.h">
      <Filter>Заголовочные файлы\Tools</Filter>
    </ClInclude>
    <ClInclude Include="Line.h">
      <Filter>Заголовочные файлы\Tools</Filter>
    </ClInclude>
    <ClInclude Include="Pen.h">
      <Filter>Заголовочные файлы\Tools</Filter>
    </ClInclude>
    <ClInclude Include="Rect.h">
      <Filter>Заголовочные файлы\Tools</Filter>
    </ClInclude>
    <ClInclude Include="Ellip.h">
      <Filter>Заголовочные файлы\Tools</Filter>
    </ClInclude>
    <ClInclude Include="PolyLine.h">
      <Filter>Заголовочные файлы\Tools</Filter>
    </ClInclude>
  </ItemGroup>
  <ItemGroup>
    <ClCompile Include="stdafx.cpp">
      <Filter>Файлы исходного кода</Filter>
    </ClCompile>
    <ClCompile Include="CustomPaint.cpp">
      <Filter>Файлы исходного кода</Filter>
    </ClCompile>
    <ClCompile Include="ITool.cpp">
      <Filter>Файлы исходного кода\Tools</Filter>
    </ClCompile>
    <ClCompile Include="Line.cpp">
      <Filter>Файлы исходного кода\Tools</Filter>
    </ClCompile>
    <ClCompile Include="Pen.cpp">
      <Filter>Файлы исходного кода\Tools</Filter>
    </ClCompile>
    <ClCompile Include="Rect.cpp">
      <Filter>Файлы исходного кода\Tools</Filter>
    </ClCompile>
    <ClCompile Include="Ellip.cpp">
      <Filter>Файлы исходного кода\Tools</Filter>
    </ClCompile>
    <ClCompile Include="PolyLine.cpp">
      <Filter>Файлы исходного кода\Tools</Filter>
    </ClCompile>
  </ItemGroup>
  <ItemGroup>
    <ResourceCompile Include="CustomPaint.rc">
      <Filter>Файлы ресурсов</Filter>
    </ResourceCompile>
  </ItemGroup>
  <ItemGroup>
    <Image Include="small.ico">
      <Filter>Файлы ресурсов</Filter>
    </Image>
    <Image Include="CustomPaint.ico">
      <Filter>Файлы ресурсов</Filter>
    </Image>
    <Image Include="..\Icons\line.png">
      <Filter>Файлы ресурсов</Filter>
    </Image>
    <Image Include="..\Icons\Pen.png">
      <Filter>Файлы ресурсов</Filter>
    </Image>
  </ItemGroup>
</Project>